
Microsoft Visual Studio Solution File, Format Version 12.00
# Visual Studio Version 17
VisualStudioVersion = 17.9.34728.123
MinimumVisualStudioVersion = 10.0.40219.1
Project("{FAE04EC0-301F-11D3-BF4B-00C04F79EFBC}") = "eTickets", "eTickets\eTickets.csproj", "{507DB4CC-C6BD-4C1E-8EB9-134CF4D6CA89}"
EndProject
Global
	GlobalSection(SolutionConfigurationPlatforms) = preSolution
		Debug|Any CPU = Debug|Any CPU
		Release|Any CPU = Release|Any CPU
	EndGlobalSection
	GlobalSection(ProjectConfigurationPlatforms) = postSolution
		{507DB4CC-C6BD-4C1E-8EB9-134CF4D6CA89}.Debug|Any CPU.ActiveCfg = Debug|Any CPU
		{507DB4CC-C6BD-4C1E-8EB9-134CF4D6CA89}.Debug|Any CPU.Build.0 = Debug|Any CPU
		{507DB4CC-C6BD-4C1E-8EB9-134CF4D6CA89}.Release|Any CPU.ActiveCfg = Release|Any CPU
		{507DB4CC-C6BD-4C1E-8EB9-134CF4D6CA89}.Release|Any CPU.Build.0 = Release|Any CPU
	EndGlobalSection
	GlobalSection(SolutionProperties) = preSolution
		HideSolutionNode = FALSE
	EndGlobalSection
	GlobalSection(ExtensibilityGlobals) = postSolution
		SolutionGuid = {00359FD9-4ADA-4106-B9EE-21D9A0676275}
	EndGlobalSection
EndGlobal
